# THIS IS AN AUTOGENERATED FILE. DO NOT EDIT THIS FILE DIRECTLY.
# yarn lockfile v1


"@popperjs/core@^2.9.3":
  "integrity" "sha512-P1st0aksCrn9sGZhp8GMYwBnQsbvAWsZAX44oXNNvLHGqAOcoVxmjZiohstwQ7SqKnbR47akdNi+uleWD8+g6A=="
  "resolved" "https://registry.npmjs.org/@popperjs/core/-/core-2.11.8.tgz"
  "version" "2.11.8"

"@rails/actiontext@^7.1.3-4":
  "integrity" "sha512-Yt0aFwV4vmQDH0SPMKACF5WnZ88vn8KHpCbPJIGnFcj4likev+SkmdCLu/TpcHrFQwHWXt+GwKE924Ny92YXAg=="
  "resolved" "https://registry.npmjs.org/@rails/actiontext/-/actiontext-7.1.3-4.tgz"
  "version" "7.1.3-4"
  dependencies:
    "@rails/activestorage" ">= 7.1.0-alpha"

"@rails/activestorage@>= 7.1.0-alpha":
  "integrity" "sha512-B+RFYAU8vdTPFg0IJcRp2ey0Qw9hpcUOqHHcWqftDJ76ZMBi9+m/UUeMJlNsSd0l9eD+1HLlFSo1X//cY4yiDw=="
  "resolved" "https://registry.npmjs.org/@rails/activestorage/-/activestorage-7.1.3.tgz"
  "version" "7.1.3"
  dependencies:
    "spark-md5" "^3.0.1"

"@rollup/plugin-node-resolve@^15.2.3":
  "integrity" "sha512-j/lym8nf5E21LwBT4Df1VD6hRO2L2iwUeUmP7litikRsVp1H6NWx20NEp0Y7su+7XGc476GnXXc4kFeZNGmaSQ=="
  "resolved" "https://registry.npmjs.org/@rollup/plugin-node-resolve/-/plugin-node-resolve-15.2.3.tgz"
  "version" "15.2.3"
  dependencies:
    "@rollup/pluginutils" "^5.0.1"
    "@types/resolve" "1.20.2"
    "deepmerge" "^4.2.2"
    "is-builtin-module" "^3.2.1"
    "is-module" "^1.0.0"
    "resolve" "^1.22.1"

"@rollup/pluginutils@^5.0.1":
  "integrity" "sha512-XTIWOPPcpvyKI6L1NHo0lFlCyznUEyPmPY1mc3KpPVDYulHSTvyeLNVW00QTLIAFNhR3kYnJTQHeGqU4M3n09g=="
  "resolved" "https://registry.npmjs.org/@rollup/pluginutils/-/pluginutils-5.1.0.tgz"
  "version" "5.1.0"
  dependencies:
    "@types/estree" "^1.0.0"
    "estree-walker" "^2.0.2"
    "picomatch" "^2.3.1"

"@types/estree@^1.0.0":
  "integrity" "sha512-/kYRxGDLWzHOB7q+wtSUQlFrtcdUccpfy+X+9iMBpHK8QLLhx2wIPYuS5DYtR9Wa/YlZAbIovy7qVdB1Aq6Lyw=="
  "resolved" "https://registry.npmjs.org/@types/estree/-/estree-1.0.5.tgz"
  "version" "1.0.5"

"@types/resolve@1.20.2":
  "integrity" "sha512-60BCwRFOZCQhDncwQdxxeOEEkbc5dIMccYLwbxsS4TUNeVECQ/pBJ0j09mrHOl/JJvpRPGwO9SvE4nR2Nb/a4Q=="
  "resolved" "https://registry.npmjs.org/@types/resolve/-/resolve-1.20.2.tgz"
  "version" "1.20.2"

"builtin-modules@^3.3.0":
  "integrity" "sha512-zhaCDicdLuWN5UbN5IMnFqNMhNfo919sH85y2/ea+5Yg9TsTkeZxpL+JLbp6cgYFS4sRLp3YV4S6yDuqVWHYOw=="
  "resolved" "https://registry.npmjs.org/builtin-modules/-/builtin-modules-3.3.0.tgz"
  "version" "3.3.0"

"camelcase-css@^2.0.1":
  "integrity" "sha512-QOSvevhslijgYwRx6Rv7zKdMF8lbRmx+uQGx2+vDc+KI/eBnsy9kit5aj23AgGu3pa4t9AgwbnXWqS+iOY+2aA=="
  "resolved" "https://registry.npmjs.org/camelcase-css/-/camelcase-css-2.0.1.tgz"
  "version" "2.0.1"

"css-selector-tokenizer@^0.8":
  "integrity" "sha512-Jd6Ig3/pe62/qe5SBPTN8h8LeUg/pT4lLgtavPf7updwwHpvFzxvOQBHYj2LZDMjUnBzgvIUSjRcf6oT5HzHFg=="
  "resolved" "https://registry.npmjs.org/css-selector-tokenizer/-/css-selector-tokenizer-0.8.0.tgz"
  "version" "0.8.0"
  dependencies:
    "cssesc" "^3.0.0"
    "fastparse" "^1.1.2"

"cssesc@^3.0.0":
  "integrity" "sha512-/Tb/JcjK111nNScGob5MNtsntNM1aCNUDipB/TkwZFhyDrrE47SOx/18wF2bbjgc3ZzCSKW1T5nt5EbFoAz/Vg=="
  "resolved" "https://registry.npmjs.org/cssesc/-/cssesc-3.0.0.tgz"
  "version" "3.0.0"

"culori@^3":
  "integrity" "sha512-pHJg+jbuFsCjz9iclQBqyL3B2HLCBF71BwVNujUYEvCeQMvV97R59MNK3R2+jgJ3a1fcZgI9B3vYgz8lzr/BFQ=="
  "resolved" "https://registry.npmjs.org/culori/-/culori-3.3.0.tgz"
  "version" "3.3.0"

"daisyui@^4.12.10":
  "integrity" "sha512-jp1RAuzbHhGdXmn957Z2XsTZStXGHzFfF0FgIOZj3Wv9sH7OZgLfXTRZNfKVYxltGUOBsG1kbWAdF5SrqjebvA=="
  "resolved" "https://registry.npmjs.org/daisyui/-/daisyui-4.12.10.tgz"
  "version" "4.12.10"
  dependencies:
    "css-selector-tokenizer" "^0.8"
    "culori" "^3"
    "picocolors" "^1"
    "postcss-js" "^4"

"deepmerge@^4.2.2":
  "integrity" "sha512-3sUqbMEc77XqpdNO7FRyRog+eW3ph+GYCbj+rK+uYyRMuwsVy0rMiVtPn+QJlKFvWP/1PYpapqYn0Me2knFn+A=="
  "resolved" "https://registry.npmjs.org/deepmerge/-/deepmerge-4.3.1.tgz"
  "version" "4.3.1"

"estree-walker@^2.0.2":
  "integrity" "sha512-Rfkk/Mp/DL7JVje3u18FxFujQlTNR2q6QfMSMB7AvCBx91NGj/ba3kCfza0f6dVDbw7YlRf/nDrn7pQrCCyQ/w=="
  "resolved" "https://registry.npmjs.org/estree-walker/-/estree-walker-2.0.2.tgz"
  "version" "2.0.2"

"fastparse@^1.1.2":
  "integrity" "sha512-483XLLxTVIwWK3QTrMGRqUfUpoOs/0hbQrl2oz4J0pAcm3A3bu84wxTFqGqkJzewCLdME38xJLJAxBABfQT8sQ=="
  "resolved" "https://registry.npmjs.org/fastparse/-/fastparse-1.1.2.tgz"
  "version" "1.1.2"

"flowbite-datepicker@^1.3.0":
  "integrity" "sha512-CLVqzuoE2vkUvWYK/lJ6GzT0be5dlTbH3uuhVwyB67+PjqJWABm2wv68xhBf5BqjpBxvTSQ3mrmLHpPJ2tvrSQ=="
  "resolved" "https://registry.npmjs.org/flowbite-datepicker/-/flowbite-datepicker-1.3.0.tgz"
  "version" "1.3.0"
  dependencies:
    "@rollup/plugin-node-resolve" "^15.2.3"
    "flowbite" "^2.0.0"

"flowbite@^2.0.0", "flowbite@^2.4.1":
  "integrity" "sha512-I++vDsSOOlzHNuxY2OcFMNVC4CNzpPU2K14YHJ81cYrANXdzgizqniMB/1KQ219x8fqw+S0msY9Q45ZSXDqAPw=="
  "resolved" "https://registry.npmjs.org/flowbite/-/flowbite-2.4.1.tgz"
  "version" "2.4.1"
  dependencies:
    "@popperjs/core" "^2.9.3"
    "flowbite-datepicker" "^1.3.0"
    "mini-svg-data-uri" "^1.4.3"

"function-bind@^1.1.2":
  "integrity" "sha512-7XHNxH7qX9xG5mIwxkhumTox/MIRNcOgDrxWsMt2pAr23WHp6MrRlN7FBSFpCpr+oVO0F744iUgR82nJMfG2SA=="
  "resolved" "https://registry.npmjs.org/function-bind/-/function-bind-1.1.2.tgz"
  "version" "1.1.2"

"hasown@^2.0.2":
  "integrity" "sha512-0hJU9SCPvmMzIBdZFqNPXWa6dqh7WdH0cII9y+CyS8rG3nL48Bclra9HmKhVVUHyPWNH5Y7xDwAB7bfgSjkUMQ=="
  "resolved" "https://registry.npmjs.org/hasown/-/hasown-2.0.2.tgz"
  "version" "2.0.2"
  dependencies:
    "function-bind" "^1.1.2"

"is-builtin-module@^3.2.1":
  "integrity" "sha512-BSLE3HnV2syZ0FK0iMA/yUGplUeMmNz4AW5fnTunbCIqZi4vG3WjJT9FHMy5D69xmAYBHXQhJdALdpwVxV501A=="
  "resolved" "https://registry.npmjs.org/is-builtin-module/-/is-builtin-module-3.2.1.tgz"
  "version" "3.2.1"
  dependencies:
    "builtin-modules" "^3.3.0"

"is-core-module@^2.13.0":
  "integrity" "sha512-Dd+Lb2/zvk9SKy1TGCt1wFJFo/MWBPMX5x7KcvLajWTGuomczdQX61PvY5yK6SVACwpoexWo81IfFyoKY2QnTA=="
  "resolved" "https://registry.npmjs.org/is-core-module/-/is-core-module-2.15.0.tgz"
  "version" "2.15.0"
  dependencies:
    "hasown" "^2.0.2"

"is-module@^1.0.0":
  "integrity" "sha512-51ypPSPCoTEIN9dy5Oy+h4pShgJmPCygKfyRCISBI+JoWT/2oJvK8QPxmwv7b/p239jXrm9M1mlQbyKJ5A152g=="
  "resolved" "https://registry.npmjs.org/is-module/-/is-module-1.0.0.tgz"
  "version" "1.0.0"

"mini-svg-data-uri@^1.4.3":
  "integrity" "sha512-r9deDe9p5FJUPZAk3A59wGH7Ii9YrjjWw0jmw/liSbHl2CHiyXj6FcDXDu2K3TjVAXqiJdaw3xxwlZZr9E6nHg=="
  "resolved" "https://registry.npmjs.org/mini-svg-data-uri/-/mini-svg-data-uri-1.4.4.tgz"
  "version" "1.4.4"

"nanoid@^3.3.7":
  "integrity" "sha512-eSRppjcPIatRIMC1U6UngP8XFcz8MQWGQdt1MTBQ7NaAmvXDfvNxbvWV3x2y6CdEUciCSsDHDQZbhYaB8QEo2g=="
  "resolved" "https://registry.npmjs.org/nanoid/-/nanoid-3.3.7.tgz"
  "version" "3.3.7"

"path-parse@^1.0.7":
  "integrity" "sha512-LDJzPVEEEPR+y48z93A0Ed0yXb8pAByGWo/k5YYdYgpY2/2EsOsksJrq7lOHxryrVOn1ejG6oAp8ahvOIQD8sw=="
  "resolved" "https://registry.npmjs.org/path-parse/-/path-parse-1.0.7.tgz"
  "version" "1.0.7"

"picocolors@^1", "picocolors@^1.0.1":
  "integrity" "sha512-anP1Z8qwhkbmu7MFP5iTt+wQKXgwzf7zTyGlcdzabySa9vd0Xt392U0rVmz9poOaBj0uHJKyyo9/upk0HrEQew=="
  "resolved" "https://registry.npmjs.org/picocolors/-/picocolors-1.0.1.tgz"
  "version" "1.0.1"

"picomatch@^2.3.1":
  "integrity" "sha512-JU3teHTNjmE2VCGFzuY8EXzCDVwEqB2a8fsIvwaStHhAWJEeVd1o1QD80CU6+ZdEXXSLbSsuLwJjkCBWqRQUVA=="
  "resolved" "https://registry.npmjs.org/picomatch/-/picomatch-2.3.1.tgz"
  "version" "2.3.1"

"postcss-js@^4":
  "integrity" "sha512-dDLF8pEO191hJMtlHFPRa8xsizHaM82MLfNkUHdUtVEV3tgTp5oj+8qbEqYM57SLfc74KSbw//4SeJma2LRVIw=="
  "resolved" "https://registry.npmjs.org/postcss-js/-/postcss-js-4.0.1.tgz"
  "version" "4.0.1"
  dependencies:
    "camelcase-css" "^2.0.1"

"postcss@^8.4.21", "postcss@^8.4.40":
  "integrity" "sha512-YF2kKIUzAofPMpfH6hOi2cGnv/HrUlfucspc7pDyvv7kGdqXrfj8SCl/t8owkEgKEuu8ZcRjSOxFxVLqwChZ2Q=="
  "resolved" "https://registry.npmjs.org/postcss/-/postcss-8.4.40.tgz"
  "version" "8.4.40"
  dependencies:
    "nanoid" "^3.3.7"
    "picocolors" "^1.0.1"
    "source-map-js" "^1.2.0"

"resolve@^1.22.1":
  "integrity" "sha512-oKWePCxqpd6FlLvGV1VU0x7bkPmmCNolxzjMf4NczoDnQcIWrAF+cPtZn5i6n+RfD2d9i0tzpKnG6Yk168yIyw=="
  "resolved" "https://registry.npmjs.org/resolve/-/resolve-1.22.8.tgz"
  "version" "1.22.8"
  dependencies:
    "is-core-module" "^2.13.0"
    "path-parse" "^1.0.7"
    "supports-preserve-symlinks-flag" "^1.0.0"

"source-map-js@^1.2.0":
  "integrity" "sha512-itJW8lvSA0TXEphiRoawsCksnlf8SyvmFzIhltqAHluXd88pkCd+cXJVHTDwdCr0IzwptSm035IHQktUu1QUMg=="
  "resolved" "https://registry.npmjs.org/source-map-js/-/source-map-js-1.2.0.tgz"
  "version" "1.2.0"

"spark-md5@^3.0.1":
  "integrity" "sha512-wcFzz9cDfbuqe0FZzfi2or1sgyIrsDwmPwfZC4hiNidPdPINjeUwNfv5kldczoEAcjl9Y1L3SM7Uz2PUEQzxQw=="
  "resolved" "https://registry.npmjs.org/spark-md5/-/spark-md5-3.0.2.tgz"
  "version" "3.0.2"

"supports-preserve-symlinks-flag@^1.0.0":
  "integrity" "sha512-ot0WnXS9fgdkgIcePe6RHNk1WA8+muPa6cSjeR3V8K27q9BB1rTE3R1p7Hv0z1ZyAc8s6Vvv8DIyWf681MAt0w=="
  "resolved" "https://registry.npmjs.org/supports-preserve-symlinks-flag/-/supports-preserve-symlinks-flag-1.0.0.tgz"
  "version" "1.0.0"

"trix@^2.0.0", "trix@^2.1.3":
  "integrity" "sha512-LqMp67LiKMQytAHKqNL1Jgmfz69ViW+WBOQTPA2BlMIuxic1mw5vHgDtOE0bvvojUdjAxh0EJtLpJn6BC/2JKw=="
  "resolved" "https://registry.npmjs.org/trix/-/trix-2.1.3.tgz"
  "version" "2.1.3"
